
Microsoft Visual Studio Solution File, Format Version 12.00
# Visual Studio Version 16
VisualStudioVersion = 16.0.31229.75
MinimumVisualStudioVersion = 10.0.40219.1
Project("{9A19103F-16F7-4668-BE54-9A1E7A4F7556}") = "UnityAssetReplacer", "UnityAssetReplacer\UnityAssetReplacer.csproj", "{F128FDC3-975C-4D1D-B258-9CDE2A80C92D}"
EndProject
Project("{2150E333-8FDC-42A3-9474-1A3956D46DE8}") = "Solution Items", "Solution Items", "{B98CF7B8-8594-4395-9615-A3D1C3CBB27C}"
	ProjectSection(SolutionItems) = preProject
		.editorconfig = .editorconfig
	EndProjectSection
EndProject
Global
	GlobalSection(SolutionConfigurationPlatforms) = preSolution
		Debug|Any CPU = Debug|Any CPU
		Release|Any CPU = Release|Any CPU
	EndGlobalSection
	GlobalSection(ProjectConfigurationPlatforms) = postSolution
		{F128FDC3-975C-4D1D-B258-9CDE2A80C92D}.Debug|Any CPU.ActiveCfg = Debug|Any CPU
		{F128FDC3-975C-4D1D-B258-9CDE2A80C92D}.Debug|Any CPU.Build.0 = Debug|Any CPU
		{F128FDC3-975C-4D1D-B258-9CDE2A80C92D}.Release|Any CPU.ActiveCfg = Release|Any CPU
		{F128FDC3-975C-4D1D-B258-9CDE2A80C92D}.Release|Any CPU.Build.0 = Release|Any CPU
	EndGlobalSection
	GlobalSection(SolutionProperties) = preSolution
		HideSolutionNode = FALSE
	EndGlobalSection
	GlobalSection(ExtensibilityGlobals) = postSolution
		SolutionGuid = {24FD7376-EFA8-4CB6-BAC2-98E4D91DA19F}
	EndGlobalSection
EndGlobal
